github.com/halogenica/beautifulhugo v0.0.0-20220627021531-1f0e3aa4ef97 h1:Rw7ltoO9zcR2LpEJtz2WChQDehh4yRdWo/XVaQd6h2Q=
github.com/halogenica/beautifulhugo v0.0.0-20220627021531-1f0e3aa4ef97/go.mod h1:ufPkGvDjUx8ELYtHwaxCSuQeDMIrW7wtDzw/Hqoy4CY=
github.com/yihui/hugo-xmin v0.0.0-20220615040612-17b5095d5ab7 h1:032puzvF3YDEPR4HyV3BTFYMLcpgbSJ2Emz/R6k+5IE=
github.com/yihui/hugo-xmin v0.0.0-20220615040612-17b5095d5ab7/go.mod h1:RiCR4psTF4iydlh4bR9BijKIHmivp7IeBaokx0CvzRA=
